
Microsoft Visual Studio Solution File, Format Version 12.00
# Visual Studio Version 16
VisualStudioVersion = 16.0.30104.148
MinimumVisualStudioVersion = 10.0.40219.1
Project("{FAE04EC0-301F-11D3-BF4B-00C04F79EFBC}") = "Training Centre Management System", "Training Centre Management System\Training Centre Management System.csproj", "{7A1B4110-FB22-4FAA-BEF8-808BBD341CE4}"
EndProject
Global
	GlobalSection(SolutionConfigurationPlatforms) = preSolution
		Debug|Any CPU = Debug|Any CPU
		Release|Any CPU = Release|Any CPU
	EndGlobalSection
	GlobalSection(ProjectConfigurationPlatforms) = postSolution
		{7A1B4110-FB22-4FAA-BEF8-808BBD341CE4}.Debug|Any CPU.ActiveCfg = Debug|Any CPU
		{7A1B4110-FB22-4FAA-BEF8-808BBD341CE4}.Debug|Any CPU.Build.0 = Debug|Any CPU
		{7A1B4110-FB22-4FAA-BEF8-808BBD341CE4}.Release|Any CPU.ActiveCfg = Release|Any CPU
		{7A1B4110-FB22-4FAA-BEF8-808BBD341CE4}.Release|Any CPU.Build.0 = Release|Any CPU
	EndGlobalSection
	GlobalSection(SolutionProperties) = preSolution
		HideSolutionNode = FALSE
	EndGlobalSection
	GlobalSection(ExtensibilityGlobals) = postSolution
		SolutionGuid = {F58AE2A5-2E6A-47D2-BF0F-D29F299C147B}
	EndGlobalSection
EndGlobal
